
Microsoft Visual Studio Solution File, Format Version 12.00
# Visual Studio Version 17
VisualStudioVersion = 17.14.36414.22 d17.14
MinimumVisualStudioVersion = 10.0.40219.1
Project("{FAE04EC0-301F-11D3-BF4B-00C04F79EFBC}") = "WebProgramlamaProje", "WebProgramlamaProje.csproj", "{599C4817-1C8F-45C7-A5D8-3087E4C9076B}"
EndProject
Global
	GlobalSection(SolutionConfigurationPlatforms) = preSolution
		Debug|Any CPU = Debug|Any CPU
		Release|Any CPU = Release|Any CPU
	EndGlobalSection
	GlobalSection(ProjectConfigurationPlatforms) = postSolution
		{599C4817-1C8F-45C7-A5D8-3087E4C9076B}.Debug|Any CPU.ActiveCfg = Debug|Any CPU
		{599C4817-1C8F-45C7-A5D8-3087E4C9076B}.Debug|Any CPU.Build.0 = Debug|Any CPU
		{599C4817-1C8F-45C7-A5D8-3087E4C9076B}.Release|Any CPU.ActiveCfg = Release|Any CPU
		{599C4817-1C8F-45C7-A5D8-3087E4C9076B}.Release|Any CPU.Build.0 = Release|Any CPU
	EndGlobalSection
	GlobalSection(SolutionProperties) = preSolution
		HideSolutionNode = FALSE
	EndGlobalSection
	GlobalSection(ExtensibilityGlobals) = postSolution
		SolutionGuid = {304BC84F-9CC0-4305-AD01-67B61B70EA27}
	EndGlobalSection
EndGlobal
